
Microsoft Visual Studio Solution File, Format Version 12.00
# Visual Studio Version 17
VisualStudioVersion = 17.5.002.0
MinimumVisualStudioVersion = 10.0.40219.1
Project("{2150E333-8FDC-42A3-9474-1A3956D46DE8}") = "csharp-prep", "csharp-prep", "{1438DBCA-8B58-4780-AE57-B54CD01E2DB5}"
EndProject
Project("{9A19103F-16F7-4668-BE54-9A1E7A4F7556}") = "Prep1", "csharp-prep\Prep1\Prep1.csproj", "{88D5A024-5912-4799-8D18-B36E9670E5D8}"
EndProject
Project("{9A19103F-16F7-4668-BE54-9A1E7A4F7556}") = "Prep2", "csharp-prep\Prep2\Prep2.csproj", "{4EE2C915-DD3E-4480-9D42-414C65FFF7E5}"
EndProject
Project("{9A19103F-16F7-4668-BE54-9A1E7A4F7556}") = "Prep3", "csharp-prep\Prep3\Prep3.csproj", "{98206B8B-92CB-43E9-AC1D-951D797A3CE8}"
EndProject
Project("{9A19103F-16F7-4668-BE54-9A1E7A4F7556}") = "Prep4", "csharp-prep\Prep4\Prep4.csproj", "{3A83BE80-8903-4F82-9318-B8E0BCA59701}"
EndProject
Project("{9A19103F-16F7-4668-BE54-9A1E7A4F7556}") = "Prep5", "csharp-prep\Prep5\Prep5.csproj", "{2A219D01-9686-427F-B86F-26E894592B37}"
EndProject
Project("{2150E333-8FDC-42A3-9474-1A3956D46DE8}") = "final", "final", "{91805A1B-3EAD-4233-9859-AED0A8D9FB30}"
EndProject
Project("{9A19103F-16F7-4668-BE54-9A1E7A4F7556}") = "FinalProject", "final\FinalProject\FinalProject.csproj", "{84CA624F-D372-4BF6-BFA0-EC6EB656982B}"
EndProject
Project("{9A19103F-16F7-4668-BE54-9A1E7A4F7556}") = "Foundation1", "final\Foundation1\Foundation1.csproj", "{8B3447D7-BC8B-400A-9B46-8EBAFC43988C}"
EndProject
Project("{9A19103F-16F7-4668-BE54-9A1E7A4F7556}") = "Foundation2", "final\Foundation2\Foundation2.csproj", "{96864F99-7379-43C5-9403-61FB8D9BDB24}"
EndProject
Project("{9A19103F-16F7-4668-BE54-9A1E7A4F7556}") = "Foundation3", "final\Foundation3\Foundation3.csproj", "{FB86BDF3-0F4E-4EC9-8AA6-7D5261C142A1}"
EndProject
Project("{9A19103F-16F7-4668-BE54-9A1E7A4F7556}") = "Foundation4", "final\Foundation4\Foundation4.csproj", "{8F1FC42D-7852-4883-9AC2-F1864B14B65F}"
EndProject
Project("{2150E333-8FDC-42A3-9474-1A3956D46DE8}") = "prepare", "prepare", "{EA4569D5-CB44-4949-8AA6-7119A5B7A35A}"
EndProject
Project("{9A19103F-16F7-4668-BE54-9A1E7A4F7556}") = "Learning02", "prepare\Learning02\Learning02.csproj", "{A5D10159-52AB-4043-9296-2615DE13C6EF}"
EndProject
Project("{9A19103F-16F7-4668-BE54-9A1E7A4F7556}") = "Learning03", "prepare\Learning03\Learning03.csproj", "{9E763E75-542A-4CA5-8D16-BB62C2B1EF46}"
EndProject
Project("{9A19103F-16F7-4668-BE54-9A1E7A4F7556}") = "Learning04", "prepare\Learning04\Learning04.csproj", "{C87D4803-98AC-4071-945C-588EDF1C9581}"
EndProject
Project("{9A19103F-16F7-4668-BE54-9A1E7A4F7556}") = "Learning05", "prepare\Learning05\Learning05.csproj", "{6B1B69D9-B982-405E-9BC2-BFAB7B725BF3}"
EndProject
Project("{2150E333-8FDC-42A3-9474-1A3956D46DE8}") = "prove", "prove", "{03DF7C0F-DE7E-4FB5-9B81-52902EBA0E16}"
EndProject
Project("{9A19103F-16F7-4668-BE54-9A1E7A4F7556}") = "Develop02", "prove\Develop02\Develop02.csproj", "{3BEF94FD-CF93-460C-9951-298EF83F77E9}"
EndProject
Project("{9A19103F-16F7-4668-BE54-9A1E7A4F7556}") = "Develop03", "prove\Develop03\Develop03.csproj", "{6BFE7067-4117-4450-8B4A-D2BCD24E3C4D}"
EndProject
Project("{9A19103F-16F7-4668-BE54-9A1E7A4F7556}") = "Develop04", "prove\Develop04\Develop04.csproj", "{39D8878D-41F8-4361-8FA0-68AE3036BCC2}"
EndProject
Project("{9A19103F-16F7-4668-BE54-9A1E7A4F7556}") = "Develop05", "prove\Develop05\Develop05.csproj", "{83A3238E-FF69-4975-A742-69C717234B29}"
EndProject
Project("{2150E333-8FDC-42A3-9474-1A3956D46DE8}") = "sandbox", "sandbox", "{14F4EC9F-48A0-4BA7-8EDD-3D4DC5625769}"
EndProject
Project("{9A19103F-16F7-4668-BE54-9A1E7A4F7556}") = "Sandbox", "sandbox\Sandbox\Sandbox.csproj", "{48B220AD-636A-4AD9-9FE1-7B363CD949C4}"
EndProject
Global
	GlobalSection(SolutionConfigurationPlatforms) = preSolution
		Debug|Any CPU = Debug|Any CPU
		Release|Any CPU = Release|Any CPU
	EndGlobalSection
	GlobalSection(ProjectConfigurationPlatforms) = postSolution
		{88D5A024-5912-4799-8D18-B36E9670E5D8}.Debug|Any CPU.ActiveCfg = Debug|Any CPU
		{88D5A024-5912-4799-8D18-B36E9670E5D8}.Debug|Any CPU.Build.0 = Debug|Any CPU
		{88D5A024-5912-4799-8D18-B36E9670E5D8}.Release|Any CPU.ActiveCfg = Release|Any CPU
		{88D5A024-5912-4799-8D18-B36E9670E5D8}.Release|Any CPU.Build.0 = Release|Any CPU
		{4EE2C915-DD3E-4480-9D42-414C65FFF7E5}.Debug|Any CPU.ActiveCfg = Debug|Any CPU
		{4EE2C915-DD3E-4480-9D42-414C65FFF7E5}.Debug|Any CPU.Build.0 = Debug|Any CPU
		{4EE2C915-DD3E-4480-9D42-414C65FFF7E5}.Release|Any CPU.ActiveCfg = Release|Any CPU
		{4EE2C915-DD3E-4480-9D42-414C65FFF7E5}.Release|Any CPU.Build.0 = Release|Any CPU
		{98206B8B-92CB-43E9-AC1D-951D797A3CE8}.Debug|Any CPU.ActiveCfg = Debug|Any CPU
		{98206B8B-92CB-43E9-AC1D-951D797A3CE8}.Debug|Any CPU.Build.0 = Debug|Any CPU
		{98206B8B-92CB-43E9-AC1D-951D797A3CE8}.Release|Any CPU.ActiveCfg = Release|Any CPU
		{98206B8B-92CB-43E9-AC1D-951D797A3CE8}.Release|Any CPU.Build.0 = Release|Any CPU
		{3A83BE80-8903-4F82-9318-B8E0BCA59701}.Debug|Any CPU.ActiveCfg = Debug|Any CPU
		{3A83BE80-8903-4F82-9318-B8E0BCA59701}.Debug|Any CPU.Build.0 = Debug|Any CPU
		{3A83BE80-8903-4F82-9318-B8E0BCA59701}.Release|Any CPU.ActiveCfg = Release|Any CPU
		{3A83BE80-8903-4F82-9318-B8E0BCA59701}.Release|Any CPU.Build.0 = Release|Any CPU
		{2A219D01-9686-427F-B86F-26E894592B37}.Debug|Any CPU.ActiveCfg = Debug|Any CPU
		{2A219D01-9686-427F-B86F-26E894592B37}.Debug|Any CPU.Build.0 = Debug|Any CPU
		{2A219D01-9686-427F-B86F-26E894592B37}.Release|Any CPU.ActiveCfg = Release|Any CPU
		{2A219D01-9686-427F-B86F-26E894592B37}.Release|Any CPU.Build.0 = Release|Any CPU
		{84CA624F-D372-4BF6-BFA0-EC6EB656982B}.Debug|Any CPU.ActiveCfg = Debug|Any CPU
		{84CA624F-D372-4BF6-BFA0-EC6EB656982B}.Debug|Any CPU.Build.0 = Debug|Any CPU
		{84CA624F-D372-4BF6-BFA0-EC6EB656982B}.Release|Any CPU.ActiveCfg = Release|Any CPU
		{84CA624F-D372-4BF6-BFA0-EC6EB656982B}.Release|Any CPU.Build.0 = Release|Any CPU
		{8B3447D7-BC8B-400A-9B46-8EBAFC43988C}.Debug|Any CPU.ActiveCfg = Debug|Any CPU
		{8B3447D7-BC8B-400A-9B46-8EBAFC43988C}.Debug|Any CPU.Build.0 = Debug|Any CPU
		{8B3447D7-BC8B-400A-9B46-8EBAFC43988C}.Release|Any CPU.ActiveCfg = Release|Any CPU
		{8B3447D7-BC8B-400A-9B46-8EBAFC43988C}.Release|Any CPU.Build.0 = Release|Any CPU
		{96864F99-7379-43C5-9403-61FB8D9BDB24}.Debug|Any CPU.ActiveCfg = Debug|Any CPU
		{96864F99-7379-43C5-9403-61FB8D9BDB24}.Debug|Any CPU.Build.0 = Debug|Any CPU
		{96864F99-7379-43C5-9403-61FB8D9BDB24}.Release|Any CPU.ActiveCfg = Release|Any CPU
		{96864F99-7379-43C5-9403-61FB8D9BDB24}.Release|Any CPU.Build.0 = Release|Any CPU
		{FB86BDF3-0F4E-4EC9-8AA6-7D5261C142A1}.Debug|Any CPU.ActiveCfg = Debug|Any CPU
		{FB86BDF3-0F4E-4EC9-8AA6-7D5261C142A1}.Debug|Any CPU.Build.0 = Debug|Any CPU
		{FB86BDF3-0F4E-4EC9-8AA6-7D5261C142A1}.Release|Any CPU.ActiveCfg = Release|Any CPU
		{FB86BDF3-0F4E-4EC9-8AA6-7D5261C142A1}.Release|Any CPU.Build.0 = Release|Any CPU
		{8F1FC42D-7852-4883-9AC2-F1864B14B65F}.Debug|Any CPU.ActiveCfg = Debug|Any CPU
		{8F1FC42D-7852-4883-9AC2-F1864B14B65F}.Debug|Any CPU.Build.0 = Debug|Any CPU
		{8F1FC42D-7852-4883-9AC2-F1864B14B65F}.Release|Any CPU.ActiveCfg = Release|Any CPU
		{8F1FC42D-7852-4883-9AC2-F1864B14B65F}.Release|Any CPU.Build.0 = Release|Any CPU
		{A5D10159-52AB-4043-9296-2615DE13C6EF}.Debug|Any CPU.ActiveCfg = Debug|Any CPU
		{A5D10159-52AB-4043-9296-2615DE13C6EF}.Debug|Any CPU.Build.0 = Debug|Any CPU
		{A5D10159-52AB-4043-9296-2615DE13C6EF}.Release|Any CPU.ActiveCfg = Release|Any CPU
		{A5D10159-52AB-4043-9296-2615DE13C6EF}.Release|Any CPU.Build.0 = Release|Any CPU
		{9E763E75-542A-4CA5-8D16-BB62C2B1EF46}.Debug|Any CPU.ActiveCfg = Debug|Any CPU
		{9E763E75-542A-4CA5-8D16-BB62C2B1EF46}.Debug|Any CPU.Build.0 = Debug|Any CPU
		{9E763E75-542A-4CA5-8D16-BB62C2B1EF46}.Release|Any CPU.ActiveCfg = Release|Any CPU
		{9E763E75-542A-4CA5-8D16-BB62C2B1EF46}.Release|Any CPU.Build.0 = Release|Any CPU
		{C87D4803-98AC-4071-945C-588EDF1C9581}.Debug|Any CPU.ActiveCfg = Debug|Any CPU
		{C87D4803-98AC-4071-945C-588EDF1C9581}.Debug|Any CPU.Build.0 = Debug|Any CPU
		{C87D4803-98AC-4071-945C-588EDF1C9581}.Release|Any CPU.ActiveCfg = Release|Any CPU
		{C87D4803-98AC-4071-945C-588EDF1C9581}.Release|Any CPU.Build.0 = Release|Any CPU
		{6B1B69D9-B982-405E-9BC2-BFAB7B725BF3}.Debug|Any CPU.ActiveCfg = Debug|Any CPU
		{6B1B69D9-B982-405E-9BC2-BFAB7B725BF3}.Debug|Any CPU.Build.0 = Debug|Any CPU
		{6B1B69D9-B982-405E-9BC2-BFAB7B725BF3}.Release|Any CPU.ActiveCfg = Release|Any CPU
		{6B1B69D9-B982-405E-9BC2-BFAB7B725BF3}.Release|Any CPU.Build.0 = Release|Any CPU
		{3BEF94FD-CF93-460C-9951-298EF83F77E9}.Debug|Any CPU.ActiveCfg = Debug|Any CPU
		{3BEF94FD-CF93-460C-9951-298EF83F77E9}.Debug|Any CPU.Build.0 = Debug|Any CPU
		{3BEF94FD-CF93-460C-9951-298EF83F77E9}.Release|Any CPU.ActiveCfg = Release|Any CPU
		{3BEF94FD-CF93-460C-9951-298EF83F77E9}.Release|Any CPU.Build.0 = Release|Any CPU
		{6BFE7067-4117-4450-8B4A-D2BCD24E3C4D}.Debug|Any CPU.ActiveCfg = Debug|Any CPU
		{6BFE7067-4117-4450-8B4A-D2BCD24E3C4D}.Debug|Any CPU.Build.0 = Debug|Any CPU
		{6BFE7067-4117-4450-8B4A-D2BCD24E3C4D}.Release|Any CPU.ActiveCfg = Release|Any CPU
		{6BFE7067-4117-4450-8B4A-D2BCD24E3C4D}.Release|Any CPU.Build.0 = Release|Any CPU
		{39D8878D-41F8-4361-8FA0-68AE3036BCC2}.Debug|Any CPU.ActiveCfg = Debug|Any CPU
		{39D8878D-41F8-4361-8FA0-68AE3036BCC2}.Debug|Any CPU.Build.0 = Debug|Any CPU
		{39D8878D-41F8-4361-8FA0-68AE3036BCC2}.Release|Any CPU.ActiveCfg = Release|Any CPU
		{39D8878D-41F8-4361-8FA0-68AE3036BCC2}.Release|Any CPU.Build.0 = Release|Any CPU
		{83A3238E-FF69-4975-A742-69C717234B29}.Debug|Any CPU.ActiveCfg = Debug|Any CPU
		{83A3238E-FF69-4975-A742-69C717234B29}.Debug|Any CPU.Build.0 = Debug|Any CPU
		{83A3238E-FF69-4975-A742-69C717234B29}.Release|Any CPU.ActiveCfg = Release|Any CPU
		{83A3238E-FF69-4975-A742-69C717234B29}.Release|Any CPU.Build.0 = Release|Any CPU
		{48B220AD-636A-4AD9-9FE1-7B363CD949C4}.Debug|Any CPU.ActiveCfg = Debug|Any CPU
		{48B220AD-636A-4AD9-9FE1-7B363CD949C4}.Debug|Any CPU.Build.0 = Debug|Any CPU
		{48B220AD-636A-4AD9-9FE1-7B363CD949C4}.Release|Any CPU.ActiveCfg = Release|Any CPU
		{48B220AD-636A-4AD9-9FE1-7B363CD949C4}.Release|Any CPU.Build.0 = Release|Any CPU
	EndGlobalSection
	GlobalSection(SolutionProperties) = preSolution
		HideSolutionNode = FALSE
	EndGlobalSection
	GlobalSection(NestedProjects) = preSolution
		{88D5A024-5912-4799-8D18-B36E9670E5D8} = {1438DBCA-8B58-4780-AE57-B54CD01E2DB5}
		{4EE2C915-DD3E-4480-9D42-414C65FFF7E5} = {1438DBCA-8B58-4780-AE57-B54CD01E2DB5}
		{98206B8B-92CB-43E9-AC1D-951D797A3CE8} = {1438DBCA-8B58-4780-AE57-B54CD01E2DB5}
		{3A83BE80-8903-4F82-9318-B8E0BCA59701} = {1438DBCA-8B58-4780-AE57-B54CD01E2DB5}
		{2A219D01-9686-427F-B86F-26E894592B37} = {1438DBCA-8B58-4780-AE57-B54CD01E2DB5}
		{84CA624F-D372-4BF6-BFA0-EC6EB656982B} = {91805A1B-3EAD-4233-9859-AED0A8D9FB30}
		{8B3447D7-BC8B-400A-9B46-8EBAFC43988C} = {91805A1B-3EAD-4233-9859-AED0A8D9FB30}
		{96864F99-7379-43C5-9403-61FB8D9BDB24} = {91805A1B-3EAD-4233-9859-AED0A8D9FB30}
		{FB86BDF3-0F4E-4EC9-8AA6-7D5261C142A1} = {91805A1B-3EAD-4233-9859-AED0A8D9FB30}
		{8F1FC42D-7852-4883-9AC2-F1864B14B65F} = {91805A1B-3EAD-4233-9859-AED0A8D9FB30}
		{A5D10159-52AB-4043-9296-2615DE13C6EF} = {EA4569D5-CB44-4949-8AA6-7119A5B7A35A}
		{9E763E75-542A-4CA5-8D16-BB62C2B1EF46} = {EA4569D5-CB44-4949-8AA6-7119A5B7A35A}
		{C87D4803-98AC-4071-945C-588EDF1C9581} = {EA4569D5-CB44-4949-8AA6-7119A5B7A35A}
		{6B1B69D9-B982-405E-9BC2-BFAB7B725BF3} = {EA4569D5-CB44-4949-8AA6-7119A5B7A35A}
		{3BEF94FD-CF93-460C-9951-298EF83F77E9} = {03DF7C0F-DE7E-4FB5-9B81-52902EBA0E16}
		{6BFE7067-4117-4450-8B4A-D2BCD24E3C4D} = {03DF7C0F-DE7E-4FB5-9B81-52902EBA0E16}
		{39D8878D-41F8-4361-8FA0-68AE3036BCC2} = {03DF7C0F-DE7E-4FB5-9B81-52902EBA0E16}
		{83A3238E-FF69-4975-A742-69C717234B29} = {03DF7C0F-DE7E-4FB5-9B81-52902EBA0E16}
		{48B220AD-636A-4AD9-9FE1-7B363CD949C4} = {14F4EC9F-48A0-4BA7-8EDD-3D4DC5625769}
	EndGlobalSection
	GlobalSection(ExtensibilityGlobals) = postSolution
		SolutionGuid = {F4446F57-D993-40E2-BCEE-98940E2EA621}
	EndGlobalSection
EndGlobal
